
Microsoft Visual Studio Solution File, Format Version 12.00
# Visual Studio Version 17
VisualStudioVersion = 17.7.34018.315
MinimumVisualStudioVersion = 10.0.40219.1
Project("{9A19103F-16F7-4668-BE54-9A1E7A4F7556}") = "PZ_01", "PZ_01\PZ_01.csproj", "{6A01E1D4-4330-46A4-A661-57FCF0DF71B2}"
EndProject
Project("{9A19103F-16F7-4668-BE54-9A1E7A4F7556}") = "PZ_02", "PZ_02\PZ_02.csproj", "{780FFEFD-FC6F-489F-9A06-71CD571C91D4}"
EndProject
Project("{9A19103F-16F7-4668-BE54-9A1E7A4F7556}") = "PZ_03", "PZ_03\PZ_03.csproj", "{904DD4A2-D7AB-4D2C-91BB-5CDFE416C953}"
EndProject
Project("{9A19103F-16F7-4668-BE54-9A1E7A4F7556}") = "PZ_04", "PZ_4\PZ_04.csproj", "{332EB3ED-754D-4FAD-B517-68747C928B23}"
EndProject
Project("{9A19103F-16F7-4668-BE54-9A1E7A4F7556}") = "PZ_05", "PZ_05\PZ_05.csproj", "{7A8C7E18-159F-4EC5-940A-3234F28BF68B}"
EndProject
Project("{FAE04EC0-301F-11D3-BF4B-00C04F79EFBC}") = "PZ_06", "PZ_06\PZ_06.csproj", "{74A83DBE-2543-423E-BB7A-3A100B4673C7}"
EndProject
Global
	GlobalSection(SolutionConfigurationPlatforms) = preSolution
		Debug|Any CPU = Debug|Any CPU
		Release|Any CPU = Release|Any CPU
	EndGlobalSection
	GlobalSection(ProjectConfigurationPlatforms) = postSolution
		{6A01E1D4-4330-46A4-A661-57FCF0DF71B2}.Debug|Any CPU.ActiveCfg = Debug|Any CPU
		{6A01E1D4-4330-46A4-A661-57FCF0DF71B2}.Debug|Any CPU.Build.0 = Debug|Any CPU
		{6A01E1D4-4330-46A4-A661-57FCF0DF71B2}.Release|Any CPU.ActiveCfg = Release|Any CPU
		{6A01E1D4-4330-46A4-A661-57FCF0DF71B2}.Release|Any CPU.Build.0 = Release|Any CPU
		{780FFEFD-FC6F-489F-9A06-71CD571C91D4}.Debug|Any CPU.ActiveCfg = Debug|Any CPU
		{780FFEFD-FC6F-489F-9A06-71CD571C91D4}.Debug|Any CPU.Build.0 = Debug|Any CPU
		{780FFEFD-FC6F-489F-9A06-71CD571C91D4}.Release|Any CPU.ActiveCfg = Release|Any CPU
		{780FFEFD-FC6F-489F-9A06-71CD571C91D4}.Release|Any CPU.Build.0 = Release|Any CPU
		{904DD4A2-D7AB-4D2C-91BB-5CDFE416C953}.Debug|Any CPU.ActiveCfg = Debug|Any CPU
		{904DD4A2-D7AB-4D2C-91BB-5CDFE416C953}.Debug|Any CPU.Build.0 = Debug|Any CPU
		{904DD4A2-D7AB-4D2C-91BB-5CDFE416C953}.Release|Any CPU.ActiveCfg = Release|Any CPU
		{904DD4A2-D7AB-4D2C-91BB-5CDFE416C953}.Release|Any CPU.Build.0 = Release|Any CPU
		{332EB3ED-754D-4FAD-B517-68747C928B23}.Debug|Any CPU.ActiveCfg = Debug|Any CPU
		{332EB3ED-754D-4FAD-B517-68747C928B23}.Debug|Any CPU.Build.0 = Debug|Any CPU
		{332EB3ED-754D-4FAD-B517-68747C928B23}.Release|Any CPU.ActiveCfg = Release|Any CPU
		{332EB3ED-754D-4FAD-B517-68747C928B23}.Release|Any CPU.Build.0 = Release|Any CPU
		{7A8C7E18-159F-4EC5-940A-3234F28BF68B}.Debug|Any CPU.ActiveCfg = Debug|Any CPU
		{7A8C7E18-159F-4EC5-940A-3234F28BF68B}.Debug|Any CPU.Build.0 = Debug|Any CPU
		{7A8C7E18-159F-4EC5-940A-3234F28BF68B}.Release|Any CPU.ActiveCfg = Release|Any CPU
		{7A8C7E18-159F-4EC5-940A-3234F28BF68B}.Release|Any CPU.Build.0 = Release|Any CPU
		{74A83DBE-2543-423E-BB7A-3A100B4673C7}.Debug|Any CPU.ActiveCfg = Debug|Any CPU
		{74A83DBE-2543-423E-BB7A-3A100B4673C7}.Debug|Any CPU.Build.0 = Debug|Any CPU
		{74A83DBE-2543-423E-BB7A-3A100B4673C7}.Release|Any CPU.ActiveCfg = Release|Any CPU
		{74A83DBE-2543-423E-BB7A-3A100B4673C7}.Release|Any CPU.Build.0 = Release|Any CPU
	EndGlobalSection
	GlobalSection(SolutionProperties) = preSolution
		HideSolutionNode = FALSE
	EndGlobalSection
	GlobalSection(ExtensibilityGlobals) = postSolution
		SolutionGuid = {945D7C9C-CE9B-4E27-A13B-A45972D531F6}
	EndGlobalSection
EndGlobal
