
Microsoft Visual Studio Solution File, Format Version 12.00
# Visual Studio Version 17
VisualStudioVersion = 17.7.34018.315
MinimumVisualStudioVersion = 10.0.40219.1
Project("{9A19103F-16F7-4668-BE54-9A1E7A4F7556}") = "PZ_01", "PZ_01\PZ_01.csproj", "{6A01E1D4-4330-46A4-A661-57FCF0DF71B2}"
EndProject
Project("{9A19103F-16F7-4668-BE54-9A1E7A4F7556}") = "PZ_02", "PZ_02\PZ_02.csproj", "{780FFEFD-FC6F-489F-9A06-71CD571C91D4}"
EndProject
Project("{9A19103F-16F7-4668-BE54-9A1E7A4F7556}") = "PZ_03", "PZ_03\PZ_03.csproj", "{904DD4A2-D7AB-4D2C-91BB-5CDFE416C953}"
EndProject
Project("{9A19103F-16F7-4668-BE54-9A1E7A4F7556}") = "PZ_04", "PZ_4\PZ_04.csproj", "{332EB3ED-754D-4FAD-B517-68747C928B23}"
EndProject
Project("{9A19103F-16F7-4668-BE54-9A1E7A4F7556}") = "PZ_05", "PZ_05\PZ_05.csproj", "{7A8C7E18-159F-4EC5-940A-3234F28BF68B}"
EndProject
Project("{9A19103F-16F7-4668-BE54-9A1E7A4F7556}") = "PZ_06", "PZ_06\PZ_06.csproj", "{74A83DBE-2543-423E-BB7A-3A100B4673C7}"
EndProject
Project("{9A19103F-16F7-4668-BE54-9A1E7A4F7556}") = "PZ_07", "PZ_07\PZ_07.csproj", "{3FDAB626-9533-4AA1-95BD-BEBF8AE4C3A9}"
EndProject
Project("{9A19103F-16F7-4668-BE54-9A1E7A4F7556}") = "PZ_08", "PZ_08\PZ_08.csproj", "{46AF01D0-FA29-497C-9D36-854B22EE4B19}"
EndProject
Project("{9A19103F-16F7-4668-BE54-9A1E7A4F7556}") = "PZ_09", "PZ_09\PZ_09.csproj", "{CE280A0A-1535-46FC-AA23-00C5706F435F}"
EndProject
Project("{9A19103F-16F7-4668-BE54-9A1E7A4F7556}") = "PZ_10", "PZ_10\PZ_10.csproj", "{886E80DD-6C30-40A5-BA1A-7118B03A2A20}"
EndProject
Project("{9A19103F-16F7-4668-BE54-9A1E7A4F7556}") = "PZ_11", "PZ_11\PZ_11.csproj", "{82BFFA41-94E9-48B8-88AB-4BC7B59CC863}"
EndProject
Global
	GlobalSection(SolutionConfigurationPlatforms) = preSolution
		Debug|Any CPU = Debug|Any CPU
		Release|Any CPU = Release|Any CPU
	EndGlobalSection
	GlobalSection(ProjectConfigurationPlatforms) = postSolution
		{6A01E1D4-4330-46A4-A661-57FCF0DF71B2}.Debug|Any CPU.ActiveCfg = Debug|Any CPU
		{6A01E1D4-4330-46A4-A661-57FCF0DF71B2}.Debug|Any CPU.Build.0 = Debug|Any CPU
		{6A01E1D4-4330-46A4-A661-57FCF0DF71B2}.Release|Any CPU.ActiveCfg = Release|Any CPU
		{6A01E1D4-4330-46A4-A661-57FCF0DF71B2}.Release|Any CPU.Build.0 = Release|Any CPU
		{780FFEFD-FC6F-489F-9A06-71CD571C91D4}.Debug|Any CPU.ActiveCfg = Debug|Any CPU
		{780FFEFD-FC6F-489F-9A06-71CD571C91D4}.Debug|Any CPU.Build.0 = Debug|Any CPU
		{780FFEFD-FC6F-489F-9A06-71CD571C91D4}.Release|Any CPU.ActiveCfg = Release|Any CPU
		{780FFEFD-FC6F-489F-9A06-71CD571C91D4}.Release|Any CPU.Build.0 = Release|Any CPU
		{904DD4A2-D7AB-4D2C-91BB-5CDFE416C953}.Debug|Any CPU.ActiveCfg = Debug|Any CPU
		{904DD4A2-D7AB-4D2C-91BB-5CDFE416C953}.Debug|Any CPU.Build.0 = Debug|Any CPU
		{904DD4A2-D7AB-4D2C-91BB-5CDFE416C953}.Release|Any CPU.ActiveCfg = Release|Any CPU
		{904DD4A2-D7AB-4D2C-91BB-5CDFE416C953}.Release|Any CPU.Build.0 = Release|Any CPU
		{332EB3ED-754D-4FAD-B517-68747C928B23}.Debug|Any CPU.ActiveCfg = Debug|Any CPU
		{332EB3ED-754D-4FAD-B517-68747C928B23}.Debug|Any CPU.Build.0 = Debug|Any CPU
		{332EB3ED-754D-4FAD-B517-68747C928B23}.Release|Any CPU.ActiveCfg = Release|Any CPU
		{332EB3ED-754D-4FAD-B517-68747C928B23}.Release|Any CPU.Build.0 = Release|Any CPU
		{7A8C7E18-159F-4EC5-940A-3234F28BF68B}.Debug|Any CPU.ActiveCfg = Debug|Any CPU
		{7A8C7E18-159F-4EC5-940A-3234F28BF68B}.Debug|Any CPU.Build.0 = Debug|Any CPU
		{7A8C7E18-159F-4EC5-940A-3234F28BF68B}.Release|Any CPU.ActiveCfg = Release|Any CPU
		{7A8C7E18-159F-4EC5-940A-3234F28BF68B}.Release|Any CPU.Build.0 = Release|Any CPU
		{74A83DBE-2543-423E-BB7A-3A100B4673C7}.Debug|Any CPU.ActiveCfg = Debug|Any CPU
		{74A83DBE-2543-423E-BB7A-3A100B4673C7}.Debug|Any CPU.Build.0 = Debug|Any CPU
		{74A83DBE-2543-423E-BB7A-3A100B4673C7}.Release|Any CPU.ActiveCfg = Release|Any CPU
		{74A83DBE-2543-423E-BB7A-3A100B4673C7}.Release|Any CPU.Build.0 = Release|Any CPU
		{3FDAB626-9533-4AA1-95BD-BEBF8AE4C3A9}.Debug|Any CPU.ActiveCfg = Debug|Any CPU
		{3FDAB626-9533-4AA1-95BD-BEBF8AE4C3A9}.Debug|Any CPU.Build.0 = Debug|Any CPU
		{3FDAB626-9533-4AA1-95BD-BEBF8AE4C3A9}.Release|Any CPU.ActiveCfg = Release|Any CPU
		{3FDAB626-9533-4AA1-95BD-BEBF8AE4C3A9}.Release|Any CPU.Build.0 = Release|Any CPU
		{46AF01D0-FA29-497C-9D36-854B22EE4B19}.Debug|Any CPU.ActiveCfg = Debug|Any CPU
		{46AF01D0-FA29-497C-9D36-854B22EE4B19}.Debug|Any CPU.Build.0 = Debug|Any CPU
		{46AF01D0-FA29-497C-9D36-854B22EE4B19}.Release|Any CPU.ActiveCfg = Release|Any CPU
		{46AF01D0-FA29-497C-9D36-854B22EE4B19}.Release|Any CPU.Build.0 = Release|Any CPU
		{CE280A0A-1535-46FC-AA23-00C5706F435F}.Debug|Any CPU.ActiveCfg = Debug|Any CPU
		{CE280A0A-1535-46FC-AA23-00C5706F435F}.Debug|Any CPU.Build.0 = Debug|Any CPU
		{CE280A0A-1535-46FC-AA23-00C5706F435F}.Release|Any CPU.ActiveCfg = Release|Any CPU
		{CE280A0A-1535-46FC-AA23-00C5706F435F}.Release|Any CPU.Build.0 = Release|Any CPU
		{886E80DD-6C30-40A5-BA1A-7118B03A2A20}.Debug|Any CPU.ActiveCfg = Debug|Any CPU
		{886E80DD-6C30-40A5-BA1A-7118B03A2A20}.Debug|Any CPU.Build.0 = Debug|Any CPU
		{886E80DD-6C30-40A5-BA1A-7118B03A2A20}.Release|Any CPU.ActiveCfg = Release|Any CPU
		{886E80DD-6C30-40A5-BA1A-7118B03A2A20}.Release|Any CPU.Build.0 = Release|Any CPU
		{82BFFA41-94E9-48B8-88AB-4BC7B59CC863}.Debug|Any CPU.ActiveCfg = Debug|Any CPU
		{82BFFA41-94E9-48B8-88AB-4BC7B59CC863}.Debug|Any CPU.Build.0 = Debug|Any CPU
		{82BFFA41-94E9-48B8-88AB-4BC7B59CC863}.Release|Any CPU.ActiveCfg = Release|Any CPU
		{82BFFA41-94E9-48B8-88AB-4BC7B59CC863}.Release|Any CPU.Build.0 = Release|Any CPU
	EndGlobalSection
	GlobalSection(SolutionProperties) = preSolution
		HideSolutionNode = FALSE
	EndGlobalSection
	GlobalSection(ExtensibilityGlobals) = postSolution
		SolutionGuid = {945D7C9C-CE9B-4E27-A13B-A45972D531F6}
	EndGlobalSection
EndGlobal
